
Microsoft Visual Studio Solution File, Format Version 12.00
# Visual Studio Version 16
VisualStudioVersion = 16.0.30615.102
MinimumVisualStudioVersion = 10.0.40219.1
Project("{FAE04EC0-301F-11D3-BF4B-00C04F79EFBC}") = "LastRPC", "src/LastRPC.csproj", "{E471CD5A-4F92-4BA0-847E-8F35ED23F308}"
EndProject
Global
	GlobalSection(SolutionConfigurationPlatforms) = preSolution
		Debug|Any CPU = Debug|Any CPU
		Release|Any CPU = Release|Any CPU
	EndGlobalSection
	GlobalSection(ProjectConfigurationPlatforms) = postSolution
		{E471CD5A-4F92-4BA0-847E-8F35ED23F308}.Debug|Any CPU.ActiveCfg = Debug|Any CPU
		{E471CD5A-4F92-4BA0-847E-8F35ED23F308}.Debug|Any CPU.Build.0 = Debug|Any CPU
		{E471CD5A-4F92-4BA0-847E-8F35ED23F308}.Release|Any CPU.ActiveCfg = Release|Any CPU
		{E471CD5A-4F92-4BA0-847E-8F35ED23F308}.Release|Any CPU.Build.0 = Release|Any CPU
	EndGlobalSection
	GlobalSection(SolutionProperties) = preSolution
		HideSolutionNode = FALSE
	EndGlobalSection
	GlobalSection(ExtensibilityGlobals) = postSolution
		SolutionGuid = {A61F4F77-60A7-426F-A2C8-A84235D767B4}
	EndGlobalSection
EndGlobal
